<Solution>
  <Project Path="OrderSystem.Business/OrderSystem.Business.csproj" Id="f900a01e-2765-49c6-9867-65940d813062" />
  <Project Path="OrderSystem.ConsoleTest/OrderSystem.ConsoleTest.csproj" />
  <Project Path="OrderSystem.Data/OrderSystem.Data.csproj" />
  <Project Path="OrderSystem.WPF/OrderSystem.WPF.csproj" Id="f5256a82-c169-4e71-bd0a-ee5a6eaf9de0" />
</Solution>
